
Microsoft Visual Studio Solution File, Format Version 12.00
# Visual Studio Version 16
VisualStudioVersion = 16.0.30320.27
MinimumVisualStudioVersion = 10.0.40219.1
Project("{FAE04EC0-301F-11D3-BF4B-00C04F79EFBC}") = "FriendOrganizer.UI", "FriendOrganizer.UI\FriendOrganizer.UI.csproj", "{99A20C1C-782C-4B91-A82E-BAE83D4E1781}"
EndProject
Project("{FAE04EC0-301F-11D3-BF4B-00C04F79EFBC}") = "FriendOrganizer.DataAccess", "FriendOrganizer.DataAccess\FriendOrganizer.DataAccess.csproj", "{CE401767-AA2C-48BA-9815-6CFFAF5D1A4A}"
EndProject
Project("{FAE04EC0-301F-11D3-BF4B-00C04F79EFBC}") = "FriendOrganizer.Model", "FriendOrganizer.Model\FriendOrganizer.Model.csproj", "{B68C8DD1-FC3C-4C66-99A7-C03A8BE28156}"
EndProject
Global
	GlobalSection(SolutionConfigurationPlatforms) = preSolution
		Debug|Any CPU = Debug|Any CPU
		Release|Any CPU = Release|Any CPU
	EndGlobalSection
	GlobalSection(ProjectConfigurationPlatforms) = postSolution
		{99A20C1C-782C-4B91-A82E-BAE83D4E1781}.Debug|Any CPU.ActiveCfg = Debug|Any CPU
		{99A20C1C-782C-4B91-A82E-BAE83D4E1781}.Debug|Any CPU.Build.0 = Debug|Any CPU
		{99A20C1C-782C-4B91-A82E-BAE83D4E1781}.Release|Any CPU.ActiveCfg = Release|Any CPU
		{99A20C1C-782C-4B91-A82E-BAE83D4E1781}.Release|Any CPU.Build.0 = Release|Any CPU
		{CE401767-AA2C-48BA-9815-6CFFAF5D1A4A}.Debug|Any CPU.ActiveCfg = Debug|Any CPU
		{CE401767-AA2C-48BA-9815-6CFFAF5D1A4A}.Debug|Any CPU.Build.0 = Debug|Any CPU
		{CE401767-AA2C-48BA-9815-6CFFAF5D1A4A}.Release|Any CPU.ActiveCfg = Release|Any CPU
		{CE401767-AA2C-48BA-9815-6CFFAF5D1A4A}.Release|Any CPU.Build.0 = Release|Any CPU
		{B68C8DD1-FC3C-4C66-99A7-C03A8BE28156}.Debug|Any CPU.ActiveCfg = Debug|Any CPU
		{B68C8DD1-FC3C-4C66-99A7-C03A8BE28156}.Debug|Any CPU.Build.0 = Debug|Any CPU
		{B68C8DD1-FC3C-4C66-99A7-C03A8BE28156}.Release|Any CPU.ActiveCfg = Release|Any CPU
		{B68C8DD1-FC3C-4C66-99A7-C03A8BE28156}.Release|Any CPU.Build.0 = Release|Any CPU
	EndGlobalSection
	GlobalSection(SolutionProperties) = preSolution
		HideSolutionNode = FALSE
	EndGlobalSection
	GlobalSection(ExtensibilityGlobals) = postSolution
		SolutionGuid = {ABD0A53A-9C76-4E4C-B890-5C5D6EB00813}
	EndGlobalSection
EndGlobal
